
Microsoft Visual Studio Solution File, Format Version 12.00
# Visual Studio Version 17
VisualStudioVersion = 17.5.33516.290
MinimumVisualStudioVersion = 10.0.40219.1
Project("{FAE04EC0-301F-11D3-BF4B-00C04F79EFBC}") = "2 Vetores (While)", "2 Vetores (While)\2 Vetores (While).csproj", "{0B7B046D-DBB0-4974-BA16-A2B7FF18C793}"
EndProject
Global
	GlobalSection(SolutionConfigurationPlatforms) = preSolution
		Debug|Any CPU = Debug|Any CPU
		Release|Any CPU = Release|Any CPU
	EndGlobalSection
	GlobalSection(ProjectConfigurationPlatforms) = postSolution
		{0B7B046D-DBB0-4974-BA16-A2B7FF18C793}.Debug|Any CPU.ActiveCfg = Debug|Any CPU
		{0B7B046D-DBB0-4974-BA16-A2B7FF18C793}.Debug|Any CPU.Build.0 = Debug|Any CPU
		{0B7B046D-DBB0-4974-BA16-A2B7FF18C793}.Release|Any CPU.ActiveCfg = Release|Any CPU
		{0B7B046D-DBB0-4974-BA16-A2B7FF18C793}.Release|Any CPU.Build.0 = Release|Any CPU
	EndGlobalSection
	GlobalSection(SolutionProperties) = preSolution
		HideSolutionNode = FALSE
	EndGlobalSection
	GlobalSection(ExtensibilityGlobals) = postSolution
		SolutionGuid = {DB9CEF5D-6273-45A0-A28C-017F9FF1C0FF}
	EndGlobalSection
EndGlobal
